
Microsoft Visual Studio Solution File, Format Version 12.00
# Visual Studio Version 17
VisualStudioVersion = 17.6.33712.159
MinimumVisualStudioVersion = 10.0.40219.1
Project("{FAE04EC0-301F-11D3-BF4B-00C04F79EFBC}") = "RenderingChildrenProblem.Server", "Server\RenderingChildrenProblem.Server.csproj", "{4B24DB1E-0A85-4450-8DBC-2634B47B9E2E}"
EndProject
Project("{FAE04EC0-301F-11D3-BF4B-00C04F79EFBC}") = "RenderingChildrenProblem.Client", "Client\RenderingChildrenProblem.Client.csproj", "{DE84AE9F-DFCC-489D-9061-A35B9D358582}"
EndProject
Project("{FAE04EC0-301F-11D3-BF4B-00C04F79EFBC}") = "RenderingChildrenProblem.Shared", "Shared\RenderingChildrenProblem.Shared.csproj", "{6AECB350-DAD1-4C26-A98C-11A7B52A42A6}"
EndProject
Global
	GlobalSection(SolutionConfigurationPlatforms) = preSolution
		Debug|Any CPU = Debug|Any CPU
		Release|Any CPU = Release|Any CPU
	EndGlobalSection
	GlobalSection(ProjectConfigurationPlatforms) = postSolution
		{4B24DB1E-0A85-4450-8DBC-2634B47B9E2E}.Debug|Any CPU.ActiveCfg = Debug|Any CPU
		{4B24DB1E-0A85-4450-8DBC-2634B47B9E2E}.Debug|Any CPU.Build.0 = Debug|Any CPU
		{4B24DB1E-0A85-4450-8DBC-2634B47B9E2E}.Release|Any CPU.ActiveCfg = Release|Any CPU
		{4B24DB1E-0A85-4450-8DBC-2634B47B9E2E}.Release|Any CPU.Build.0 = Release|Any CPU
		{DE84AE9F-DFCC-489D-9061-A35B9D358582}.Debug|Any CPU.ActiveCfg = Debug|Any CPU
		{DE84AE9F-DFCC-489D-9061-A35B9D358582}.Debug|Any CPU.Build.0 = Debug|Any CPU
		{DE84AE9F-DFCC-489D-9061-A35B9D358582}.Release|Any CPU.ActiveCfg = Release|Any CPU
		{DE84AE9F-DFCC-489D-9061-A35B9D358582}.Release|Any CPU.Build.0 = Release|Any CPU
		{6AECB350-DAD1-4C26-A98C-11A7B52A42A6}.Debug|Any CPU.ActiveCfg = Debug|Any CPU
		{6AECB350-DAD1-4C26-A98C-11A7B52A42A6}.Debug|Any CPU.Build.0 = Debug|Any CPU
		{6AECB350-DAD1-4C26-A98C-11A7B52A42A6}.Release|Any CPU.ActiveCfg = Release|Any CPU
		{6AECB350-DAD1-4C26-A98C-11A7B52A42A6}.Release|Any CPU.Build.0 = Release|Any CPU
	EndGlobalSection
	GlobalSection(SolutionProperties) = preSolution
		HideSolutionNode = FALSE
	EndGlobalSection
	GlobalSection(ExtensibilityGlobals) = postSolution
		SolutionGuid = {3B6E32AF-968C-42D7-8D53-79BD7C9E88A6}
	EndGlobalSection
EndGlobal
